// !$*UTF8*$!
{
	archiveVersion = 1;
	classes = {
	};
	objectVersion = 46;
	objects = {

/* Begin PBXBuildFile section */
		901F14761816C927002333D7 /* Foundation.framework in Frameworks */ = {isa = PBXBuildFile; fileRef = 901F14751816C927002333D7 /* Foundation.framework */; };
		901F14781816C927002333D7 /* CoreGraphics.framework in Frameworks */ = {isa = PBXBuildFile; fileRef = 901F14771816C927002333D7 /* CoreGraphics.framework */; };
		901F147A1816C927002333D7 /* UIKit.framework in Frameworks */ = {isa = PBXBuildFile; fileRef = 901F14791816C927002333D7 /* UIKit.framework */; };
		901F14801816C927002333D7 /* InfoPlist.strings in Resources */ = {isa = PBXBuildFile; fileRef = 901F147E1816C927002333D7 /* InfoPlist.strings */; };
		901F14821816C927002333D7 /* main.m in Sources */ = {isa = PBXBuildFile; fileRef = 901F14811816C927002333D7 /* main.m */; };
		901F14861816C927002333D7 /* AppDelegate.m in Sources */ = {isa = PBXBuildFile; fileRef = 901F14851816C927002333D7 /* AppDelegate.m */; };
		901F14881816C927002333D7 /* Images.xcassets in Resources */ = {isa = PBXBuildFile; fileRef = 901F14871816C927002333D7 /* Images.xcassets */; };
		903183C2181942AF0065016F /* NSDictionary+MK_Tests.m in Sources */ = {isa = PBXBuildFile; fileRef = 903183C1181942AF0065016F /* NSDictionary+MK_Tests.m */; };
		903183C5181945840065016F /* NSArray+MK.m in Sources */ = {isa = PBXBuildFile; fileRef = 903183C4181945840065016F /* NSArray+MK.m */; };
		903183C7181949DE0065016F /* NSDate+MK_Creation_Tests.m in Sources */ = {isa = PBXBuildFile; fileRef = 903183C6181949DE0065016F /* NSDate+MK_Creation_Tests.m */; };
		903183C9181949E80065016F /* NSDate+MK_Formatting_Tests.m in Sources */ = {isa = PBXBuildFile; fileRef = 903183C8181949E80065016F /* NSDate+MK_Formatting_Tests.m */; };
		903183CB181949F40065016F /* NSDate+MK_Manipulation_Tests.m in Sources */ = {isa = PBXBuildFile; fileRef = 903183CA181949F40065016F /* NSDate+MK_Manipulation_Tests.m */; };
		90382F7D181AD0A600A924D3 /* NSString+MK_UUID.m in Sources */ = {isa = PBXBuildFile; fileRef = 90382F7C181AD0A600A924D3 /* NSString+MK_UUID.m */; };
		90382F80181AD2AA00A924D3 /* NSMutableArray+MK.m in Sources */ = {isa = PBXBuildFile; fileRef = 90382F7F181AD2AA00A924D3 /* NSMutableArray+MK.m */; };
		90382F83181AD3B600A924D3 /* NSMutableDictionary+MK.m in Sources */ = {isa = PBXBuildFile; fileRef = 90382F82181AD3B600A924D3 /* NSMutableDictionary+MK.m */; };
		90382F86181AFC3600A924D3 /* NSMutableArray+MK_Tests.m in Sources */ = {isa = PBXBuildFile; fileRef = 90382F85181AFC3600A924D3 /* NSMutableArray+MK_Tests.m */; };
		90382F88181AFC4600A924D3 /* NSMutableDictionary+MK_Tests.m in Sources */ = {isa = PBXBuildFile; fileRef = 90382F87181AFC4600A924D3 /* NSMutableDictionary+MK_Tests.m */; };
		90382F8A181AFE4A00A924D3 /* NSArray+MK_Tests.m in Sources */ = {isa = PBXBuildFile; fileRef = 90382F89181AFE4A00A924D3 /* NSArray+MK_Tests.m */; };
		90382F8C181AFF1600A924D3 /* NSString+MK_UUID_Tests.m in Sources */ = {isa = PBXBuildFile; fileRef = 90382F8B181AFF1600A924D3 /* NSString+MK_UUID_Tests.m */; };
		905F7C9D1816DCE000D0E780 /* .gitkeep in Resources */ = {isa = PBXBuildFile; fileRef = 905F7C851816DCE000D0E780 /* .gitkeep */; };
		905F7C9F1816DCE000D0E780 /* NSDictionary+MK.m in Sources */ = {isa = PBXBuildFile; fileRef = 905F7C891816DCE000D0E780 /* NSDictionary+MK.m */; };
		905F7CA01816DCE000D0E780 /* NSNumber+MK_Comparison.m in Sources */ = {isa = PBXBuildFile; fileRef = 905F7C8D1816DCE000D0E780 /* NSNumber+MK_Comparison.m */; };
		905F7CA11816DCE000D0E780 /* NSNumber+MK_Creation.m in Sources */ = {isa = PBXBuildFile; fileRef = 905F7C8F1816DCE000D0E780 /* NSNumber+MK_Creation.m */; };
		905F7CA21816DCE000D0E780 /* NSNumber+MK_Fraction.m in Sources */ = {isa = PBXBuildFile; fileRef = 905F7C911816DCE000D0E780 /* NSNumber+MK_Fraction.m */; };
		905F7CA31816DCE000D0E780 /* NSNumber+MK_Manipulation.m in Sources */ = {isa = PBXBuildFile; fileRef = 905F7C931816DCE000D0E780 /* NSNumber+MK_Manipulation.m */; };
		905F7CA41816DCE000D0E780 /* NSNumber+MK_Negative.m in Sources */ = {isa = PBXBuildFile; fileRef = 905F7C951816DCE000D0E780 /* NSNumber+MK_Negative.m */; };
		905F7CA51816DCE000D0E780 /* NSNumber+MK_Precision.m in Sources */ = {isa = PBXBuildFile; fileRef = 905F7C971816DCE000D0E780 /* NSNumber+MK_Precision.m */; };
		906E75D318183BBB008516E1 /* NSNumber+MK_Fraction_Tests.m in Sources */ = {isa = PBXBuildFile; fileRef = 906E75D218183BBB008516E1 /* NSNumber+MK_Fraction_Tests.m */; };
		906E75D518183BD2008516E1 /* NSNumber+MK_Precision_Tests.m in Sources */ = {isa = PBXBuildFile; fileRef = 906E75D418183BD2008516E1 /* NSNumber+MK_Precision_Tests.m */; };
		90871C7F18184B45009BE84C /* NSString+MK_Empty_Tests.m in Sources */ = {isa = PBXBuildFile; fileRef = 90871C7E18184B45009BE84C /* NSString+MK_Empty_Tests.m */; };
		90871C8118184B55009BE84C /* NSString+MK_Conversion_Tests.m in Sources */ = {isa = PBXBuildFile; fileRef = 90871C8018184B55009BE84C /* NSString+MK_Conversion_Tests.m */; };
		90871C8318184B63009BE84C /* NSString+MK_Validation_Tests.m in Sources */ = {isa = PBXBuildFile; fileRef = 90871C8218184B63009BE84C /* NSString+MK_Validation_Tests.m */; };
		90871C8518184B6E009BE84C /* NSString+MK_UTF_Tests.m in Sources */ = {isa = PBXBuildFile; fileRef = 90871C8418184B6E009BE84C /* NSString+MK_UTF_Tests.m */; };
		90871C8A18184D9B009BE84C /* NSString+MK_Empty.m in Sources */ = {isa = PBXBuildFile; fileRef = 90871C8918184D9B009BE84C /* NSString+MK_Empty.m */; };
		90AB7F341816E16C0070D745 /* NSString+MK_Validation.m in Sources */ = {isa = PBXBuildFile; fileRef = 90AB7F331816E16C0070D745 /* NSString+MK_Validation.m */; };
		90AB7F371816E20B0070D745 /* NSString+MK_UTF.m in Sources */ = {isa = PBXBuildFile; fileRef = 90AB7F361816E20B0070D745 /* NSString+MK_UTF.m */; };
		90AB7F3A1816E2C60070D745 /* NSString+MK_Conversion.m in Sources */ = {isa = PBXBuildFile; fileRef = 90AB7F391816E2C60070D745 /* NSString+MK_Conversion.m */; };
		90AB7F3D1816E3A30070D745 /* NSDate+MK_Formatting.m in Sources */ = {isa = PBXBuildFile; fileRef = 90AB7F3C1816E3A30070D745 /* NSDate+MK_Formatting.m */; };
		90AB7F401816E4200070D745 /* NSDate+MK_Creation.m in Sources */ = {isa = PBXBuildFile; fileRef = 90AB7F3F1816E4200070D745 /* NSDate+MK_Creation.m */; };
		90AB7F431816E42C0070D745 /* NSDate+MK_Manipulation.m in Sources */ = {isa = PBXBuildFile; fileRef = 90AB7F421816E42C0070D745 /* NSDate+MK_Manipulation.m */; };
		90AB7F4B181832C50070D745 /* Foundation.framework in Frameworks */ = {isa = PBXBuildFile; fileRef = 901F14751816C927002333D7 /* Foundation.framework */; };
		90AB7F4C181832C50070D745 /* UIKit.framework in Frameworks */ = {isa = PBXBuildFile; fileRef = 901F14791816C927002333D7 /* UIKit.framework */; };
		90AB7F52181832C50070D745 /* InfoPlist.strings in Resources */ = {isa = PBXBuildFile; fileRef = 90AB7F50181832C50070D745 /* InfoPlist.strings */; };
		90AB7F5C181833840070D745 /* SenTestingKit.framework in Frameworks */ = {isa = PBXBuildFile; fileRef = 90AB7F5B181833840070D745 /* SenTestingKit.framework */; };
		90AB7F65181834C40070D745 /* NSNumber+MK_Creation_Tests.m in Sources */ = {isa = PBXBuildFile; fileRef = 90AB7F61181834C40070D745 /* NSNumber+MK_Creation_Tests.m */; };
		90AB7F66181834C40070D745 /* NSNumber+MK_Manipulation_Tests.m in Sources */ = {isa = PBXBuildFile; fileRef = 90AB7F62181834C40070D745 /* NSNumber+MK_Manipulation_Tests.m */; };
		90AB7F67181834C40070D745 /* NSNumber+MK_Comparison_Tests.m in Sources */ = {isa = PBXBuildFile; fileRef = 90AB7F63181834C40070D745 /* NSNumber+MK_Comparison_Tests.m */; };
		90AB7F68181834C40070D745 /* NSNumber+MK_Negative_Tests.m in Sources */ = {isa = PBXBuildFile; fileRef = 90AB7F64181834C40070D745 /* NSNumber+MK_Negative_Tests.m */; };
		90B244EE181C7767007EE48E /* NSData+MK_Base64.m in Sources */ = {isa = PBXBuildFile; fileRef = 90B244ED181C7767007EE48E /* NSData+MK_Base64.m */; };
		90B244F1181C77C8007EE48E /* NSData+MK_Base64_Tests.m in Sources */ = {isa = PBXBuildFile; fileRef = 90B244F0181C77C8007EE48E /* NSData+MK_Base64_Tests.m */; };
		90B244F3181C77D6007EE48E /* NSString+MK_Base64_Tests.m in Sources */ = {isa = PBXBuildFile; fileRef = 90B244F2181C77D6007EE48E /* NSString+MK_Base64_Tests.m */; };
		90B244F9181C77FC007EE48E /* NSString+MK_Base64.m in Sources */ = {isa = PBXBuildFile; fileRef = 90B244F8181C77FC007EE48E /* NSString+MK_Base64.m */; };
		90B244FC181C783B007EE48E /* NSData+MK.m in Sources */ = {isa = PBXBuildFile; fileRef = 90B244FB181C783B007EE48E /* NSData+MK.m */; };
		EE5AEA91C8D8472592D61643 /* libPods-MKFoundationTests.a in Frameworks */ = {isa = PBXBuildFile; fileRef = 55741B3BD4E64F038C34A09D /* libPods-MKFoundationTests.a */; };
		F4456A8F9F0D4901812D32E2 /* libPods.a in Frameworks */ = {isa = PBXBuildFile; fileRef = 4338C2BE2A5F46BEA81B602B /* libPods.a */; };
/* End PBXBuildFile section */

/* Begin PBXContainerItemProxy section */
		90AB7F56181832C50070D745 /* PBXContainerItemProxy */ = {
			isa = PBXContainerItemProxy;
			containerPortal = 901F146A1816C927002333D7 /* Project object */;
			proxyType = 1;
			remoteGlobalIDString = 901F14711816C927002333D7;
			remoteInfo = MKFoundation;
		};
/* End PBXContainerItemProxy section */

/* Begin PBXFileReference section */
		3C10F5060B174CB6B3F00B21 /* Pods.xcconfig */ = {isa = PBXFileReference; includeInIndex = 1; lastKnownFileType = text.xcconfig; name = Pods.xcconfig; path = Pods/Pods.xcconfig; sourceTree = "<group>"; };
		4338C2BE2A5F46BEA81B602B /* libPods.a */ = {isa = PBXFileReference; explicitFileType = archive.ar; includeInIndex = 0; path = libPods.a; sourceTree = BUILT_PRODUCTS_DIR; };
		55741B3BD4E64F038C34A09D /* libPods-MKFoundationTests.a */ = {isa = PBXFileReference; explicitFileType = archive.ar; includeInIndex = 0; path = "libPods-MKFoundationTests.a"; sourceTree = BUILT_PRODUCTS_DIR; };
		7AA4AAE5C5ED4599AEDF856E /* Pods-MKFoundationTests.xcconfig */ = {isa = PBXFileReference; includeInIndex = 1; lastKnownFileType = text.xcconfig; name = "Pods-MKFoundationTests.xcconfig"; path = "Pods/Pods-MKFoundationTests.xcconfig"; sourceTree = "<group>"; };
		901F14721816C927002333D7 /* MKFoundation.app */ = {isa = PBXFileReference; explicitFileType = wrapper.application; includeInIndex = 0; path = MKFoundation.app; sourceTree = BUILT_PRODUCTS_DIR; };
		901F14751816C927002333D7 /* Foundation.framework */ = {isa = PBXFileReference; lastKnownFileType = wrapper.framework; name = Foundation.framework; path = System/Library/Frameworks/Foundation.framework; sourceTree = SDKROOT; };
		901F14771816C927002333D7 /* CoreGraphics.framework */ = {isa = PBXFileReference; lastKnownFileType = wrapper.framework; name = CoreGraphics.framework; path = System/Library/Frameworks/CoreGraphics.framework; sourceTree = SDKROOT; };
		901F14791816C927002333D7 /* UIKit.framework */ = {isa = PBXFileReference; lastKnownFileType = wrapper.framework; name = UIKit.framework; path = System/Library/Frameworks/UIKit.framework; sourceTree = SDKROOT; };
		901F147D1816C927002333D7 /* MKFoundation-Info.plist */ = {isa = PBXFileReference; lastKnownFileType = text.plist.xml; path = "MKFoundation-Info.plist"; sourceTree = "<group>"; };
		901F147F1816C927002333D7 /* en */ = {isa = PBXFileReference; lastKnownFileType = text.plist.strings; name = en; path = en.lproj/InfoPlist.strings; sourceTree = "<group>"; };
		901F14811816C927002333D7 /* main.m */ = {isa = PBXFileReference; lastKnownFileType = sourcecode.c.objc; path = main.m; sourceTree = "<group>"; };
		901F14831816C927002333D7 /* MKFoundation-Prefix.pch */ = {isa = PBXFileReference; lastKnownFileType = sourcecode.c.h; path = "MKFoundation-Prefix.pch"; sourceTree = "<group>"; };
		901F14841816C927002333D7 /* AppDelegate.h */ = {isa = PBXFileReference; lastKnownFileType = sourcecode.c.h; path = AppDelegate.h; sourceTree = "<group>"; };
		901F14851816C927002333D7 /* AppDelegate.m */ = {isa = PBXFileReference; lastKnownFileType = sourcecode.c.objc; path = AppDelegate.m; sourceTree = "<group>"; };
		901F14871816C927002333D7 /* Images.xcassets */ = {isa = PBXFileReference; lastKnownFileType = folder.assetcatalog; path = Images.xcassets; sourceTree = "<group>"; };
		901F148E1816C927002333D7 /* XCTest.framework */ = {isa = PBXFileReference; lastKnownFileType = wrapper.framework; name = XCTest.framework; path = Library/Frameworks/XCTest.framework; sourceTree = DEVELOPER_DIR; };
		903183C1181942AF0065016F /* NSDictionary+MK_Tests.m */ = {isa = PBXFileReference; fileEncoding = 4; lastKnownFileType = sourcecode.c.objc; path = "NSDictionary+MK_Tests.m"; sourceTree = "<group>"; };
		903183C3181945840065016F /* NSArray+MK.h */ = {isa = PBXFileReference; fileEncoding = 4; lastKnownFileType = sourcecode.c.h; path = "NSArray+MK.h"; sourceTree = "<group>"; };
		903183C4181945840065016F /* NSArray+MK.m */ = {isa = PBXFileReference; fileEncoding = 4; lastKnownFileType = sourcecode.c.objc; path = "NSArray+MK.m"; sourceTree = "<group>"; };
		903183C6181949DE0065016F /* NSDate+MK_Creation_Tests.m */ = {isa = PBXFileReference; fileEncoding = 4; lastKnownFileType = sourcecode.c.objc; path = "NSDate+MK_Creation_Tests.m"; sourceTree = "<group>"; };
		903183C8181949E80065016F /* NSDate+MK_Formatting_Tests.m */ = {isa = PBXFileReference; fileEncoding = 4; lastKnownFileType = sourcecode.c.objc; path = "NSDate+MK_Formatting_Tests.m"; sourceTree = "<group>"; };
		903183CA181949F40065016F /* NSDate+MK_Manipulation_Tests.m */ = {isa = PBXFileReference; fileEncoding = 4; lastKnownFileType = sourcecode.c.objc; path = "NSDate+MK_Manipulation_Tests.m"; sourceTree = "<group>"; };
		90382F7B181AD0A600A924D3 /* NSString+MK_UUID.h */ = {isa = PBXFileReference; fileEncoding = 4; lastKnownFileType = sourcecode.c.h; path = "NSString+MK_UUID.h"; sourceTree = "<group>"; };
		90382F7C181AD0A600A924D3 /* NSString+MK_UUID.m */ = {isa = PBXFileReference; fileEncoding = 4; lastKnownFileType = sourcecode.c.objc; path = "NSString+MK_UUID.m"; sourceTree = "<group>"; };
		90382F7E181AD2AA00A924D3 /* NSMutableArray+MK.h */ = {isa = PBXFileReference; fileEncoding = 4; lastKnownFileType = sourcecode.c.h; path = "NSMutableArray+MK.h"; sourceTree = "<group>"; };
		90382F7F181AD2AA00A924D3 /* NSMutableArray+MK.m */ = {isa = PBXFileReference; fileEncoding = 4; lastKnownFileType = sourcecode.c.objc; path = "NSMutableArray+MK.m"; sourceTree = "<group>"; };
		90382F81181AD3B600A924D3 /* NSMutableDictionary+MK.h */ = {isa = PBXFileReference; fileEncoding = 4; lastKnownFileType = sourcecode.c.h; path = "NSMutableDictionary+MK.h"; sourceTree = "<group>"; };
		90382F82181AD3B600A924D3 /* NSMutableDictionary+MK.m */ = {isa = PBXFileReference; fileEncoding = 4; lastKnownFileType = sourcecode.c.objc; path = "NSMutableDictionary+MK.m"; sourceTree = "<group>"; };
		90382F85181AFC3600A924D3 /* NSMutableArray+MK_Tests.m */ = {isa = PBXFileReference; fileEncoding = 4; lastKnownFileType = sourcecode.c.objc; path = "NSMutableArray+MK_Tests.m"; sourceTree = "<group>"; };
		90382F87181AFC4600A924D3 /* NSMutableDictionary+MK_Tests.m */ = {isa = PBXFileReference; fileEncoding = 4; lastKnownFileType = sourcecode.c.objc; path = "NSMutableDictionary+MK_Tests.m"; sourceTree = "<group>"; };
		90382F89181AFE4A00A924D3 /* NSArray+MK_Tests.m */ = {isa = PBXFileReference; fileEncoding = 4; lastKnownFileType = sourcecode.c.objc; path = "NSArray+MK_Tests.m"; sourceTree = "<group>"; };
		90382F8B181AFF1600A924D3 /* NSString+MK_UUID_Tests.m */ = {isa = PBXFileReference; fileEncoding = 4; lastKnownFileType = sourcecode.c.objc; path = "NSString+MK_UUID_Tests.m"; sourceTree = "<group>"; };
		905F7C7D1816DCE000D0E780 /* MKLog.h */ = {isa = PBXFileReference; fileEncoding = 4; lastKnownFileType = sourcecode.c.h; path = MKLog.h; sourceTree = "<group>"; };
		905F7C7E1816DCE000D0E780 /* MKMacro_Method.h */ = {isa = PBXFileReference; fileEncoding = 4; lastKnownFileType = sourcecode.c.h; path = MKMacro_Method.h; sourceTree = "<group>"; };
		905F7C821816DCE000D0E780 /* NSDate+MK.h */ = {isa = PBXFileReference; fileEncoding = 4; lastKnownFileType = sourcecode.c.h; path = "NSDate+MK.h"; sourceTree = "<group>"; };
		905F7C851816DCE000D0E780 /* .gitkeep */ = {isa = PBXFileReference; fileEncoding = 4; lastKnownFileType = text; path = .gitkeep; sourceTree = "<group>"; };
		905F7C881816DCE000D0E780 /* NSDictionary+MK.h */ = {isa = PBXFileReference; fileEncoding = 4; lastKnownFileType = sourcecode.c.h; path = "NSDictionary+MK.h"; sourceTree = "<group>"; };
		905F7C891816DCE000D0E780 /* NSDictionary+MK.m */ = {isa = PBXFileReference; fileEncoding = 4; lastKnownFileType = sourcecode.c.objc; path = "NSDictionary+MK.m"; sourceTree = "<group>"; };
		905F7C8B1816DCE000D0E780 /* NSNumber+MK.h */ = {isa = PBXFileReference; fileEncoding = 4; lastKnownFileType = sourcecode.c.h; path = "NSNumber+MK.h"; sourceTree = "<group>"; };
		905F7C8C1816DCE000D0E780 /* NSNumber+MK_Comparison.h */ = {isa = PBXFileReference; fileEncoding = 4; lastKnownFileType = sourcecode.c.h; path = "NSNumber+MK_Comparison.h"; sourceTree = "<group>"; };
		905F7C8D1816DCE000D0E780 /* NSNumber+MK_Comparison.m */ = {isa = PBXFileReference; fileEncoding = 4; lastKnownFileType = sourcecode.c.objc; path = "NSNumber+MK_Comparison.m"; sourceTree = "<group>"; };
		905F7C8E1816DCE000D0E780 /* NSNumber+MK_Creation.h */ = {isa = PBXFileReference; fileEncoding = 4; lastKnownFileType = sourcecode.c.h; path = "NSNumber+MK_Creation.h"; sourceTree = "<group>"; };
		905F7C8F1816DCE000D0E780 /* NSNumber+MK_Creation.m */ = {isa = PBXFileReference; fileEncoding = 4; lastKnownFileType = sourcecode.c.objc; path = "NSNumber+MK_Creation.m"; sourceTree = "<group>"; };
		905F7C901816DCE000D0E780 /* NSNumber+MK_Fraction.h */ = {isa = PBXFileReference; fileEncoding = 4; lastKnownFileType = sourcecode.c.h; path = "NSNumber+MK_Fraction.h"; sourceTree = "<group>"; };
		905F7C911816DCE000D0E780 /* NSNumber+MK_Fraction.m */ = {isa = PBXFileReference; fileEncoding = 4; lastKnownFileType = sourcecode.c.objc; path = "NSNumber+MK_Fraction.m"; sourceTree = "<group>"; };
		905F7C921816DCE000D0E780 /* NSNumber+MK_Manipulation.h */ = {isa = PBXFileReference; fileEncoding = 4; lastKnownFileType = sourcecode.c.h; path = "NSNumber+MK_Manipulation.h"; sourceTree = "<group>"; };
		905F7C931816DCE000D0E780 /* NSNumber+MK_Manipulation.m */ = {isa = PBXFileReference; fileEncoding = 4; lastKnownFileType = sourcecode.c.objc; path = "NSNumber+MK_Manipulation.m"; sourceTree = "<group>"; };
		905F7C941816DCE000D0E780 /* NSNumber+MK_Negative.h */ = {isa = PBXFileReference; fileEncoding = 4; lastKnownFileType = sourcecode.c.h; path = "NSNumber+MK_Negative.h"; sourceTree = "<group>"; };
		905F7C951816DCE000D0E780 /* NSNumber+MK_Negative.m */ = {isa = PBXFileReference; fileEncoding = 4; lastKnownFileType = sourcecode.c.objc; path = "NSNumber+MK_Negative.m"; sourceTree = "<group>"; };
		905F7C961816DCE000D0E780 /* NSNumber+MK_Precision.h */ = {isa = PBXFileReference; fileEncoding = 4; lastKnownFileType = sourcecode.c.h; path = "NSNumber+MK_Precision.h"; sourceTree = "<group>"; };
		905F7C971816DCE000D0E780 /* NSNumber+MK_Precision.m */ = {isa = PBXFileReference; fileEncoding = 4; lastKnownFileType = sourcecode.c.objc; path = "NSNumber+MK_Precision.m"; sourceTree = "<group>"; };
		905F7C991816DCE000D0E780 /* NSString+MK.h */ = {isa = PBXFileReference; fileEncoding = 4; lastKnownFileType = sourcecode.c.h; path = "NSString+MK.h"; sourceTree = "<group>"; };
		905F7CA71816DFC900D0E780 /* MKFoundation.h */ = {isa = PBXFileReference; fileEncoding = 4; lastKnownFileType = sourcecode.c.h; path = MKFoundation.h; sourceTree = "<group>"; };
		906E75D218183BBB008516E1 /* NSNumber+MK_Fraction_Tests.m */ = {isa = PBXFileReference; fileEncoding = 4; lastKnownFileType = sourcecode.c.objc; path = "NSNumber+MK_Fraction_Tests.m"; sourceTree = "<group>"; };
		906E75D418183BD2008516E1 /* NSNumber+MK_Precision_Tests.m */ = {isa = PBXFileReference; fileEncoding = 4; lastKnownFileType = sourcecode.c.objc; path = "NSNumber+MK_Precision_Tests.m"; sourceTree = "<group>"; };
		90871C7E18184B45009BE84C /* NSString+MK_Empty_Tests.m */ = {isa = PBXFileReference; fileEncoding = 4; lastKnownFileType = sourcecode.c.objc; path = "NSString+MK_Empty_Tests.m"; sourceTree = "<group>"; };
		90871C8018184B55009BE84C /* NSString+MK_Conversion_Tests.m */ = {isa = PBXFileReference; fileEncoding = 4; lastKnownFileType = sourcecode.c.objc; path = "NSString+MK_Conversion_Tests.m"; sourceTree = "<group>"; };
		90871C8218184B63009BE84C /* NSString+MK_Validation_Tests.m */ = {isa = PBXFileReference; fileEncoding = 4; lastKnownFileType = sourcecode.c.objc; path = "NSString+MK_Validation_Tests.m"; sourceTree = "<group>"; };
		90871C8418184B6E009BE84C /* NSString+MK_UTF_Tests.m */ = {isa = PBXFileReference; fileEncoding = 4; lastKnownFileType = sourcecode.c.objc; path = "NSString+MK_UTF_Tests.m"; sourceTree = "<group>"; };
		90871C8818184D9B009BE84C /* NSString+MK_Empty.h */ = {isa = PBXFileReference; fileEncoding = 4; lastKnownFileType = sourcecode.c.h; path = "NSString+MK_Empty.h"; sourceTree = "<group>"; };
		90871C8918184D9B009BE84C /* NSString+MK_Empty.m */ = {isa = PBXFileReference; fileEncoding = 4; lastKnownFileType = sourcecode.c.objc; path = "NSString+MK_Empty.m"; sourceTree = "<group>"; };
		908BFFA9181DBCD200C4B7CB /* MKMacro_Test.h */ = {isa = PBXFileReference; fileEncoding = 4; lastKnownFileType = sourcecode.c.h; path = MKMacro_Test.h; sourceTree = "<group>"; };
		90AB7F321816E16C0070D745 /* NSString+MK_Validation.h */ = {isa = PBXFileReference; fileEncoding = 4; lastKnownFileType = sourcecode.c.h; path = "NSString+MK_Validation.h"; sourceTree = "<group>"; };
		90AB7F331816E16C0070D745 /* NSString+MK_Validation.m */ = {isa = PBXFileReference; fileEncoding = 4; lastKnownFileType = sourcecode.c.objc; path = "NSString+MK_Validation.m"; sourceTree = "<group>"; };
		90AB7F351816E20B0070D745 /* NSString+MK_UTF.h */ = {isa = PBXFileReference; fileEncoding = 4; lastKnownFileType = sourcecode.c.h; path = "NSString+MK_UTF.h"; sourceTree = "<group>"; };
		90AB7F361816E20B0070D745 /* NSString+MK_UTF.m */ = {isa = PBXFileReference; fileEncoding = 4; lastKnownFileType = sourcecode.c.objc; path = "NSString+MK_UTF.m"; sourceTree = "<group>"; };
		90AB7F381816E2C60070D745 /* NSString+MK_Conversion.h */ = {isa = PBXFileReference; fileEncoding = 4; lastKnownFileType = sourcecode.c.h; path = "NSString+MK_Conversion.h"; sourceTree = "<group>"; };
		90AB7F391816E2C60070D745 /* NSString+MK_Conversion.m */ = {isa = PBXFileReference; fileEncoding = 4; lastKnownFileType = sourcecode.c.objc; path = "NSString+MK_Conversion.m"; sourceTree = "<group>"; };
		90AB7F3B1816E3A30070D745 /* NSDate+MK_Formatting.h */ = {isa = PBXFileReference; fileEncoding = 4; lastKnownFileType = sourcecode.c.h; path = "NSDate+MK_Formatting.h"; sourceTree = "<group>"; };
		90AB7F3C1816E3A30070D745 /* NSDate+MK_Formatting.m */ = {isa = PBXFileReference; fileEncoding = 4; lastKnownFileType = sourcecode.c.objc; path = "NSDate+MK_Formatting.m"; sourceTree = "<group>"; };
		90AB7F3E1816E4200070D745 /* NSDate+MK_Creation.h */ = {isa = PBXFileReference; fileEncoding = 4; lastKnownFileType = sourcecode.c.h; path = "NSDate+MK_Creation.h"; sourceTree = "<group>"; };
		90AB7F3F1816E4200070D745 /* NSDate+MK_Creation.m */ = {isa = PBXFileReference; fileEncoding = 4; lastKnownFileType = sourcecode.c.objc; path = "NSDate+MK_Creation.m"; sourceTree = "<group>"; };
		90AB7F411816E42C0070D745 /* NSDate+MK_Manipulation.h */ = {isa = PBXFileReference; fileEncoding = 4; lastKnownFileType = sourcecode.c.h; path = "NSDate+MK_Manipulation.h"; sourceTree = "<group>"; };
		90AB7F421816E42C0070D745 /* NSDate+MK_Manipulation.m */ = {isa = PBXFileReference; fileEncoding = 4; lastKnownFileType = sourcecode.c.objc; path = "NSDate+MK_Manipulation.m"; sourceTree = "<group>"; };
		90AB7F48181832C40070D745 /* MKFoundationTests.octest */ = {isa = PBXFileReference; explicitFileType = wrapper.cfbundle; includeInIndex = 0; path = MKFoundationTests.octest; sourceTree = BUILT_PRODUCTS_DIR; };
		90AB7F4F181832C50070D745 /* MKFoundationTests-Info.plist */ = {isa = PBXFileReference; lastKnownFileType = text.plist.xml; path = "MKFoundationTests-Info.plist"; sourceTree = "<group>"; };
		90AB7F51181832C50070D745 /* en */ = {isa = PBXFileReference; lastKnownFileType = text.plist.strings; name = en; path = en.lproj/InfoPlist.strings; sourceTree = "<group>"; };
		90AB7F55181832C50070D745 /* MKFoundationTests-Prefix.pch */ = {isa = PBXFileReference; lastKnownFileType = sourcecode.c.h; path = "MKFoundationTests-Prefix.pch"; sourceTree = "<group>"; };
		90AB7F5B181833840070D745 /* SenTestingKit.framework */ = {isa = PBXFileReference; lastKnownFileType = wrapper.framework; name = SenTestingKit.framework; path = Library/Frameworks/SenTestingKit.framework; sourceTree = DEVELOPER_DIR; };
		90AB7F5D181834C40070D745 /* BaseTest.h */ = {isa = PBXFileReference; fileEncoding = 4; lastKnownFileType = sourcecode.c.h; path = BaseTest.h; sourceTree = "<group>"; };
		90AB7F61181834C40070D745 /* NSNumber+MK_Creation_Tests.m */ = {isa = PBXFileReference; fileEncoding = 4; lastKnownFileType = sourcecode.c.objc; path = "NSNumber+MK_Creation_Tests.m"; sourceTree = "<group>"; };
		90AB7F62181834C40070D745 /* NSNumber+MK_Manipulation_Tests.m */ = {isa = PBXFileReference; fileEncoding = 4; lastKnownFileType = sourcecode.c.objc; path = "NSNumber+MK_Manipulation_Tests.m"; sourceTree = "<group>"; };
		90AB7F63181834C40070D745 /* NSNumber+MK_Comparison_Tests.m */ = {isa = PBXFileReference; fileEncoding = 4; lastKnownFileType = sourcecode.c.objc; path = "NSNumber+MK_Comparison_Tests.m"; sourceTree = "<group>"; };
		90AB7F64181834C40070D745 /* NSNumber+MK_Negative_Tests.m */ = {isa = PBXFileReference; fileEncoding = 4; lastKnownFileType = sourcecode.c.objc; path = "NSNumber+MK_Negative_Tests.m"; sourceTree = "<group>"; };
		90B244EC181C7767007EE48E /* NSData+MK_Base64.h */ = {isa = PBXFileReference; fileEncoding = 4; lastKnownFileType = sourcecode.c.h; path = "NSData+MK_Base64.h"; sourceTree = "<group>"; };
		90B244ED181C7767007EE48E /* NSData+MK_Base64.m */ = {isa = PBXFileReference; fileEncoding = 4; lastKnownFileType = sourcecode.c.objc; path = "NSData+MK_Base64.m"; sourceTree = "<group>"; };
		90B244F0181C77C8007EE48E /* NSData+MK_Base64_Tests.m */ = {isa = PBXFileReference; fileEncoding = 4; lastKnownFileType = sourcecode.c.objc; path = "NSData+MK_Base64_Tests.m"; sourceTree = "<group>"; };
		90B244F2181C77D6007EE48E /* NSString+MK_Base64_Tests.m */ = {isa = PBXFileReference; fileEncoding = 4; lastKnownFileType = sourcecode.c.objc; path = "NSString+MK_Base64_Tests.m"; sourceTree = "<group>"; };
		90B244F7181C77FC007EE48E /* NSString+MK_Base64.h */ = {isa = PBXFileReference; fileEncoding = 4; lastKnownFileType = sourcecode.c.h; path = "NSString+MK_Base64.h"; sourceTree = "<group>"; };
		90B244F8181C77FC007EE48E /* NSString+MK_Base64.m */ = {isa = PBXFileReference; fileEncoding = 4; lastKnownFileType = sourcecode.c.objc; path = "NSString+MK_Base64.m"; sourceTree = "<group>"; };
		90B244FA181C783B007EE48E /* NSData+MK.h */ = {isa = PBXFileReference; fileEncoding = 4; lastKnownFileType = sourcecode.c.h; path = "NSData+MK.h"; sourceTree = "<group>"; };
		90B244FB181C783B007EE48E /* NSData+MK.m */ = {isa = PBXFileReference; fileEncoding = 4; lastKnownFileType = sourcecode.c.objc; path = "NSData+MK.m"; sourceTree = "<group>"; };
		90EF3120181F023400D97F57 /* MKMacro_Geometry.h */ = {isa = PBXFileReference; fileEncoding = 4; lastKnownFileType = sourcecode.c.h; path = MKMacro_Geometry.h; sourceTree = "<group>"; };
		90EF3123181F086500D97F57 /* MKMacro_Version.h */ = {isa = PBXFileReference; fileEncoding = 4; lastKnownFileType = sourcecode.c.h; path = MKMacro_Version.h; sourceTree = "<group>"; };
/* End PBXFileReference section */

/* Begin PBXFrameworksBuildPhase section */
		901F146F1816C927002333D7 /* Frameworks */ = {
			isa = PBXFrameworksBuildPhase;
			buildActionMask = 2147483647;
			files = (
				901F14781816C927002333D7 /* CoreGraphics.framework in Frameworks */,
				901F147A1816C927002333D7 /* UIKit.framework in Frameworks */,
				901F14761816C927002333D7 /* Foundation.framework in Frameworks */,
				F4456A8F9F0D4901812D32E2 /* libPods.a in Frameworks */,
			);
			runOnlyForDeploymentPostprocessing = 0;
		};
		90AB7F45181832C40070D745 /* Frameworks */ = {
			isa = PBXFrameworksBuildPhase;
			buildActionMask = 2147483647;
			files = (
				90AB7F5C181833840070D745 /* SenTestingKit.framework in Frameworks */,
				90AB7F4C181832C50070D745 /* UIKit.framework in Frameworks */,
				90AB7F4B181832C50070D745 /* Foundation.framework in Frameworks */,
				EE5AEA91C8D8472592D61643 /* libPods-MKFoundationTests.a in Frameworks */,
			);
			runOnlyForDeploymentPostprocessing = 0;
		};
/* End PBXFrameworksBuildPhase section */

/* Begin PBXGroup section */
		901F14691816C926002333D7 = {
			isa = PBXGroup;
			children = (
				901F147B1816C927002333D7 /* MKFoundation */,
				90AB7F4D181832C50070D745 /* MKFoundationTests */,
				901F14741816C927002333D7 /* Frameworks */,
				901F14731816C927002333D7 /* Products */,
				3C10F5060B174CB6B3F00B21 /* Pods.xcconfig */,
				7AA4AAE5C5ED4599AEDF856E /* Pods-MKFoundationTests.xcconfig */,
			);
			sourceTree = "<group>";
		};
		901F14731816C927002333D7 /* Products */ = {
			isa = PBXGroup;
			children = (
				901F14721816C927002333D7 /* MKFoundation.app */,
				90AB7F48181832C40070D745 /* MKFoundationTests.octest */,
			);
			name = Products;
			sourceTree = "<group>";
		};
		901F14741816C927002333D7 /* Frameworks */ = {
			isa = PBXGroup;
			children = (
				90AB7F5B181833840070D745 /* SenTestingKit.framework */,
				901F14751816C927002333D7 /* Foundation.framework */,
				901F14771816C927002333D7 /* CoreGraphics.framework */,
				901F14791816C927002333D7 /* UIKit.framework */,
				901F148E1816C927002333D7 /* XCTest.framework */,
				4338C2BE2A5F46BEA81B602B /* libPods.a */,
				55741B3BD4E64F038C34A09D /* libPods-MKFoundationTests.a */,
			);
			name = Frameworks;
			sourceTree = "<group>";
		};
		901F147B1816C927002333D7 /* MKFoundation */ = {
			isa = PBXGroup;
			children = (
				905F7C7B1816DCE000D0E780 /* Source */,
				901F14841816C927002333D7 /* AppDelegate.h */,
				901F14851816C927002333D7 /* AppDelegate.m */,
				901F14871816C927002333D7 /* Images.xcassets */,
				901F147C1816C927002333D7 /* Supporting Files */,
			);
			path = MKFoundation;
			sourceTree = "<group>";
		};
		901F147C1816C927002333D7 /* Supporting Files */ = {
			isa = PBXGroup;
			children = (
				901F147D1816C927002333D7 /* MKFoundation-Info.plist */,
				901F147E1816C927002333D7 /* InfoPlist.strings */,
				901F14811816C927002333D7 /* main.m */,
				901F14831816C927002333D7 /* MKFoundation-Prefix.pch */,
			);
			name = "Supporting Files";
			sourceTree = "<group>";
		};
		90382F84181AFC1300A924D3 /* NSArray+MK */ = {
			isa = PBXGroup;
			children = (
				90382F85181AFC3600A924D3 /* NSMutableArray+MK_Tests.m */,
				90382F89181AFE4A00A924D3 /* NSArray+MK_Tests.m */,
			);
			path = "NSArray+MK";
			sourceTree = "<group>";
		};
		905F7C7B1816DCE000D0E780 /* Source */ = {
			isa = PBXGroup;
			children = (
				905F7C7C1816DCE000D0E780 /* Macros */,
				90B244EB181C7748007EE48E /* NSData */,
				905F7C7F1816DCE000D0E780 /* NSArray */,
				905F7C811816DCE000D0E780 /* NSDate */,
				905F7C841816DCE000D0E780 /* NSDecimalNumber */,
				905F7C861816DCE000D0E780 /* NSDictionary */,
				905F7C8A1816DCE000D0E780 /* NSNumber */,
				905F7C981816DCE000D0E780 /* NSString */,
				905F7CA71816DFC900D0E780 /* MKFoundation.h */,
			);
			path = Source;
			sourceTree = "<group>";
		};
		905F7C7C1816DCE000D0E780 /* Macros */ = {
			isa = PBXGroup;
			children = (
				905F7C7D1816DCE000D0E780 /* MKLog.h */,
				90EF3120181F023400D97F57 /* MKMacro_Geometry.h */,
				905F7C7E1816DCE000D0E780 /* MKMacro_Method.h */,
				908BFFA9181DBCD200C4B7CB /* MKMacro_Test.h */,
				90EF3123181F086500D97F57 /* MKMacro_Version.h */,
			);
			path = Macros;
			sourceTree = "<group>";
		};
		905F7C7F1816DCE000D0E780 /* NSArray */ = {
			isa = PBXGroup;
			children = (
				903183C3181945840065016F /* NSArray+MK.h */,
				903183C4181945840065016F /* NSArray+MK.m */,
				90382F7E181AD2AA00A924D3 /* NSMutableArray+MK.h */,
				90382F7F181AD2AA00A924D3 /* NSMutableArray+MK.m */,
			);
			path = NSArray;
			sourceTree = "<group>";
		};
		905F7C811816DCE000D0E780 /* NSDate */ = {
			isa = PBXGroup;
			children = (
				905F7C821816DCE000D0E780 /* NSDate+MK.h */,
				90AB7F3E1816E4200070D745 /* NSDate+MK_Creation.h */,
				90AB7F3F1816E4200070D745 /* NSDate+MK_Creation.m */,
				90AB7F3B1816E3A30070D745 /* NSDate+MK_Formatting.h */,
				90AB7F3C1816E3A30070D745 /* NSDate+MK_Formatting.m */,
				90AB7F411816E42C0070D745 /* NSDate+MK_Manipulation.h */,
				90AB7F421816E42C0070D745 /* NSDate+MK_Manipulation.m */,
			);
			path = NSDate;
			sourceTree = "<group>";
		};
		905F7C841816DCE000D0E780 /* NSDecimalNumber */ = {
			isa = PBXGroup;
			children = (
				905F7C851816DCE000D0E780 /* .gitkeep */,
			);
			path = NSDecimalNumber;
			sourceTree = "<group>";
		};
		905F7C861816DCE000D0E780 /* NSDictionary */ = {
			isa = PBXGroup;
			children = (
				905F7C881816DCE000D0E780 /* NSDictionary+MK.h */,
				905F7C891816DCE000D0E780 /* NSDictionary+MK.m */,
				90382F81181AD3B600A924D3 /* NSMutableDictionary+MK.h */,
				90382F82181AD3B600A924D3 /* NSMutableDictionary+MK.m */,
			);
			path = NSDictionary;
			sourceTree = "<group>";
		};
		905F7C8A1816DCE000D0E780 /* NSNumber */ = {
			isa = PBXGroup;
			children = (
				905F7C8B1816DCE000D0E780 /* NSNumber+MK.h */,
				905F7C8C1816DCE000D0E780 /* NSNumber+MK_Comparison.h */,
				905F7C8D1816DCE000D0E780 /* NSNumber+MK_Comparison.m */,
				905F7C8E1816DCE000D0E780 /* NSNumber+MK_Creation.h */,
				905F7C8F1816DCE000D0E780 /* NSNumber+MK_Creation.m */,
				905F7C901816DCE000D0E780 /* NSNumber+MK_Fraction.h */,
				905F7C911816DCE000D0E780 /* NSNumber+MK_Fraction.m */,
				905F7C921816DCE000D0E780 /* NSNumber+MK_Manipulation.h */,
				905F7C931816DCE000D0E780 /* NSNumber+MK_Manipulation.m */,
				905F7C941816DCE000D0E780 /* NSNumber+MK_Negative.h */,
				905F7C951816DCE000D0E780 /* NSNumber+MK_Negative.m */,
				905F7C961816DCE000D0E780 /* NSNumber+MK_Precision.h */,
				905F7C971816DCE000D0E780 /* NSNumber+MK_Precision.m */,
			);
			path = NSNumber;
			sourceTree = "<group>";
		};
		905F7C981816DCE000D0E780 /* NSString */ = {
			isa = PBXGroup;
			children = (
				905F7C991816DCE000D0E780 /* NSString+MK.h */,
				90B244F7181C77FC007EE48E /* NSString+MK_Base64.h */,
				90B244F8181C77FC007EE48E /* NSString+MK_Base64.m */,
				90AB7F381816E2C60070D745 /* NSString+MK_Conversion.h */,
				90AB7F391816E2C60070D745 /* NSString+MK_Conversion.m */,
				90871C8818184D9B009BE84C /* NSString+MK_Empty.h */,
				90871C8918184D9B009BE84C /* NSString+MK_Empty.m */,
				90AB7F351816E20B0070D745 /* NSString+MK_UTF.h */,
				90AB7F361816E20B0070D745 /* NSString+MK_UTF.m */,
				90382F7B181AD0A600A924D3 /* NSString+MK_UUID.h */,
				90382F7C181AD0A600A924D3 /* NSString+MK_UUID.m */,
				90AB7F321816E16C0070D745 /* NSString+MK_Validation.h */,
				90AB7F331816E16C0070D745 /* NSString+MK_Validation.m */,
			);
			path = NSString;
			sourceTree = "<group>";
		};
		906E75D1181838E9008516E1 /* NSString+MK */ = {
			isa = PBXGroup;
			children = (
				90B244F2181C77D6007EE48E /* NSString+MK_Base64_Tests.m */,
				90871C8018184B55009BE84C /* NSString+MK_Conversion_Tests.m */,
				90871C8218184B63009BE84C /* NSString+MK_Validation_Tests.m */,
				90871C7E18184B45009BE84C /* NSString+MK_Empty_Tests.m */,
				90871C8418184B6E009BE84C /* NSString+MK_UTF_Tests.m */,
				90382F8B181AFF1600A924D3 /* NSString+MK_UUID_Tests.m */,
			);
			path = "NSString+MK";
			sourceTree = "<group>";
		};
		90AB7F4D181832C50070D745 /* MKFoundationTests */ = {
			isa = PBXGroup;
			children = (
				90AB7F5D181834C40070D745 /* BaseTest.h */,
				90382F84181AFC1300A924D3 /* NSArray+MK */,
				90B244EF181C77AA007EE48E /* NSData+MK */,
				90AB7F5E181834C40070D745 /* NSDate+MK */,
				90AB7F5F181834C40070D745 /* NSDictionary+MK */,
				90AB7F60181834C40070D745 /* NSNumber+MK */,
				906E75D1181838E9008516E1 /* NSString+MK */,
				90AB7F4E181832C50070D745 /* Supporting Files */,
			);
			path = MKFoundationTests;
			sourceTree = "<group>";
		};
		90AB7F4E181832C50070D745 /* Supporting Files */ = {
			isa = PBXGroup;
			children = (
				90AB7F4F181832C50070D745 /* MKFoundationTests-Info.plist */,
				90AB7F50181832C50070D745 /* InfoPlist.strings */,
				90AB7F55181832C50070D745 /* MKFoundationTests-Prefix.pch */,
			);
			name = "Supporting Files";
			sourceTree = "<group>";
		};
		90AB7F5E181834C40070D745 /* NSDate+MK */ = {
			isa = PBXGroup;
			children = (
				903183C6181949DE0065016F /* NSDate+MK_Creation_Tests.m */,
				903183C8181949E80065016F /* NSDate+MK_Formatting_Tests.m */,
				903183CA181949F40065016F /* NSDate+MK_Manipulation_Tests.m */,
			);
			path = "NSDate+MK";
			sourceTree = "<group>";
		};
		90AB7F5F181834C40070D745 /* NSDictionary+MK */ = {
			isa = PBXGroup;
			children = (
				903183C1181942AF0065016F /* NSDictionary+MK_Tests.m */,
				90382F87181AFC4600A924D3 /* NSMutableDictionary+MK_Tests.m */,
			);
			path = "NSDictionary+MK";
			sourceTree = "<group>";
		};
		90AB7F60181834C40070D745 /* NSNumber+MK */ = {
			isa = PBXGroup;
			children = (
				90AB7F63181834C40070D745 /* NSNumber+MK_Comparison_Tests.m */,
				90AB7F61181834C40070D745 /* NSNumber+MK_Creation_Tests.m */,
				906E75D218183BBB008516E1 /* NSNumber+MK_Fraction_Tests.m */,
				90AB7F62181834C40070D745 /* NSNumber+MK_Manipulation_Tests.m */,
				90AB7F64181834C40070D745 /* NSNumber+MK_Negative_Tests.m */,
				906E75D418183BD2008516E1 /* NSNumber+MK_Precision_Tests.m */,
			);
			path = "NSNumber+MK";
			sourceTree = "<group>";
		};
		90B244EB181C7748007EE48E /* NSData */ = {
			isa = PBXGroup;
			children = (
				90B244FA181C783B007EE48E /* NSData+MK.h */,
				90B244FB181C783B007EE48E /* NSData+MK.m */,
				90B244EC181C7767007EE48E /* NSData+MK_Base64.h */,
				90B244ED181C7767007EE48E /* NSData+MK_Base64.m */,
			);
			path = NSData;
			sourceTree = "<group>";
		};
		90B244EF181C77AA007EE48E /* NSData+MK */ = {
			isa = PBXGroup;
			children = (
				90B244F0181C77C8007EE48E /* NSData+MK_Base64_Tests.m */,
			);
			path = "NSData+MK";
			sourceTree = "<group>";
		};
/* End PBXGroup section */

/* Begin PBXNativeTarget section */
		901F14711816C927002333D7 /* MKFoundation */ = {
			isa = PBXNativeTarget;
			buildConfigurationList = 901F149E1816C927002333D7 /* Build configuration list for PBXNativeTarget "MKFoundation" */;
			buildPhases = (
				77F9B2CA3944414194B68B01 /* Check Pods Manifest.lock */,
				901F146E1816C927002333D7 /* Sources */,
				901F146F1816C927002333D7 /* Frameworks */,
				901F14701816C927002333D7 /* Resources */,
				3C0E5F44EFFC4902A149C9CB /* Copy Pods Resources */,
			);
			buildRules = (
			);
			dependencies = (
			);
			name = MKFoundation;
			productName = MKFoundation;
			productReference = 901F14721816C927002333D7 /* MKFoundation.app */;
			productType = "com.apple.product-type.application";
		};
		90AB7F47181832C40070D745 /* MKFoundationTests */ = {
			isa = PBXNativeTarget;
			buildConfigurationList = 90AB7F58181832C50070D745 /* Build configuration list for PBXNativeTarget "MKFoundationTests" */;
			buildPhases = (
				1BD21894927E45D1B4DFE4EB /* Check Pods Manifest.lock */,
				90AB7F44181832C40070D745 /* Sources */,
				90AB7F45181832C40070D745 /* Frameworks */,
				90AB7F46181832C40070D745 /* Resources */,
				E217F7D2E0EF4DA2AC3A1324 /* Copy Pods Resources */,
			);
			buildRules = (
			);
			dependencies = (
				90AB7F57181832C50070D745 /* PBXTargetDependency */,
			);
			name = MKFoundationTests;
			productName = MKFoundationTests;
			productReference = 90AB7F48181832C40070D745 /* MKFoundationTests.octest */;
			productType = "com.apple.product-type.bundle";
		};
/* End PBXNativeTarget section */

/* Begin PBXProject section */
		901F146A1816C927002333D7 /* Project object */ = {
			isa = PBXProject;
			attributes = {
				LastUpgradeCheck = 0500;
				ORGANIZATIONNAME = "Michal Konturek";
				TargetAttributes = {
					90AB7F47181832C40070D745 = {
						TestTargetID = 901F14711816C927002333D7;
					};
				};
			};
			buildConfigurationList = 901F146D1816C927002333D7 /* Build configuration list for PBXProject "MKFoundation" */;
			compatibilityVersion = "Xcode 3.2";
			developmentRegion = English;
			hasScannedForEncodings = 0;
			knownRegions = (
				en,
			);
			mainGroup = 901F14691816C926002333D7;
			productRefGroup = 901F14731816C927002333D7 /* Products */;
			projectDirPath = "";
			projectRoot = "";
			targets = (
				901F14711816C927002333D7 /* MKFoundation */,
				90AB7F47181832C40070D745 /* MKFoundationTests */,
			);
		};
/* End PBXProject section */

/* Begin PBXResourcesBuildPhase section */
		901F14701816C927002333D7 /* Resources */ = {
			isa = PBXResourcesBuildPhase;
			buildActionMask = 2147483647;
			files = (
				901F14801816C927002333D7 /* InfoPlist.strings in Resources */,
				901F14881816C927002333D7 /* Images.xcassets in Resources */,
				905F7C9D1816DCE000D0E780 /* .gitkeep in Resources */,
			);
			runOnlyForDeploymentPostprocessing = 0;
		};
		90AB7F46181832C40070D745 /* Resources */ = {
			isa = PBXResourcesBuildPhase;
			buildActionMask = 2147483647;
			files = (
				90AB7F52181832C50070D745 /* InfoPlist.strings in Resources */,
			);
			runOnlyForDeploymentPostprocessing = 0;
		};
/* End PBXResourcesBuildPhase section */

/* Begin PBXShellScriptBuildPhase section */
		1BD21894927E45D1B4DFE4EB /* Check Pods Manifest.lock */ = {
			isa = PBXShellScriptBuildPhase;
			buildActionMask = 2147483647;
			files = (
			);
			inputPaths = (
			);
			name = "Check Pods Manifest.lock";
			outputPaths = (
			);
			runOnlyForDeploymentPostprocessing = 0;
			shellPath = /bin/sh;
			shellScript = "diff \"${PODS_ROOT}/../Podfile.lock\" \"${PODS_ROOT}/Manifest.lock\" > /dev/null\nif [[ $? != 0 ]] ; then\n    cat << EOM\nerror: The sandbox is not in sync with the Podfile.lock. Run 'pod install' or update your CocoaPods installation.\nEOM\n    exit 1\nfi\n";
			showEnvVarsInLog = 0;
		};
		3C0E5F44EFFC4902A149C9CB /* Copy Pods Resources */ = {
			isa = PBXShellScriptBuildPhase;
			buildActionMask = 2147483647;
			files = (
			);
			inputPaths = (
			);
			name = "Copy Pods Resources";
			outputPaths = (
			);
			runOnlyForDeploymentPostprocessing = 0;
			shellPath = /bin/sh;
			shellScript = "\"${SRCROOT}/Pods/Pods-resources.sh\"\n";
			showEnvVarsInLog = 0;
		};
		77F9B2CA3944414194B68B01 /* Check Pods Manifest.lock */ = {
			isa = PBXShellScriptBuildPhase;
			buildActionMask = 2147483647;
			files = (
			);
			inputPaths = (
			);
			name = "Check Pods Manifest.lock";
			outputPaths = (
			);
			runOnlyForDeploymentPostprocessing = 0;
			shellPath = /bin/sh;
			shellScript = "diff \"${PODS_ROOT}/../Podfile.lock\" \"${PODS_ROOT}/Manifest.lock\" > /dev/null\nif [[ $? != 0 ]] ; then\n    cat << EOM\nerror: The sandbox is not in sync with the Podfile.lock. Run 'pod install' or update your CocoaPods installation.\nEOM\n    exit 1\nfi\n";
			showEnvVarsInLog = 0;
		};
		E217F7D2E0EF4DA2AC3A1324 /* Copy Pods Resources */ = {
			isa = PBXShellScriptBuildPhase;
			buildActionMask = 2147483647;
			files = (
			);
			inputPaths = (
			);
			name = "Copy Pods Resources";
			outputPaths = (
			);
			runOnlyForDeploymentPostprocessing = 0;
			shellPath = /bin/sh;
			shellScript = "\"${SRCROOT}/Pods/Pods-MKFoundationTests-resources.sh\"\n";
			showEnvVarsInLog = 0;
		};
/* End PBXShellScriptBuildPhase section */

/* Begin PBXSourcesBuildPhase section */
		901F146E1816C927002333D7 /* Sources */ = {
			isa = PBXSourcesBuildPhase;
			buildActionMask = 2147483647;
			files = (
				90382F7D181AD0A600A924D3 /* NSString+MK_UUID.m in Sources */,
				90B244EE181C7767007EE48E /* NSData+MK_Base64.m in Sources */,
				90382F80181AD2AA00A924D3 /* NSMutableArray+MK.m in Sources */,
				905F7CA01816DCE000D0E780 /* NSNumber+MK_Comparison.m in Sources */,
				90B244FC181C783B007EE48E /* NSData+MK.m in Sources */,
				90B244F9181C77FC007EE48E /* NSString+MK_Base64.m in Sources */,
				90AB7F371816E20B0070D745 /* NSString+MK_UTF.m in Sources */,
				901F14861816C927002333D7 /* AppDelegate.m in Sources */,
				905F7CA41816DCE000D0E780 /* NSNumber+MK_Negative.m in Sources */,
				90AB7F431816E42C0070D745 /* NSDate+MK_Manipulation.m in Sources */,
				90382F83181AD3B600A924D3 /* NSMutableDictionary+MK.m in Sources */,
				905F7CA31816DCE000D0E780 /* NSNumber+MK_Manipulation.m in Sources */,
				90AB7F401816E4200070D745 /* NSDate+MK_Creation.m in Sources */,
				90871C8A18184D9B009BE84C /* NSString+MK_Empty.m in Sources */,
				905F7CA11816DCE000D0E780 /* NSNumber+MK_Creation.m in Sources */,
				905F7CA51816DCE000D0E780 /* NSNumber+MK_Precision.m in Sources */,
				90AB7F3D1816E3A30070D745 /* NSDate+MK_Formatting.m in Sources */,
				905F7CA21816DCE000D0E780 /* NSNumber+MK_Fraction.m in Sources */,
				90AB7F341816E16C0070D745 /* NSString+MK_Validation.m in Sources */,
				903183C5181945840065016F /* NSArray+MK.m in Sources */,
				905F7C9F1816DCE000D0E780 /* NSDictionary+MK.m in Sources */,
				901F14821816C927002333D7 /* main.m in Sources */,
				90AB7F3A1816E2C60070D745 /* NSString+MK_Conversion.m in Sources */,
			);
			runOnlyForDeploymentPostprocessing = 0;
		};
		90AB7F44181832C40070D745 /* Sources */ = {
			isa = PBXSourcesBuildPhase;
			buildActionMask = 2147483647;
			files = (
				90AB7F65181834C40070D745 /* NSNumber+MK_Creation_Tests.m in Sources */,
				903183C7181949DE0065016F /* NSDate+MK_Creation_Tests.m in Sources */,
				90AB7F67181834C40070D745 /* NSNumber+MK_Comparison_Tests.m in Sources */,
				906E75D318183BBB008516E1 /* NSNumber+MK_Fraction_Tests.m in Sources */,
				90871C8318184B63009BE84C /* NSString+MK_Validation_Tests.m in Sources */,
				90B244F1181C77C8007EE48E /* NSData+MK_Base64_Tests.m in Sources */,
				90382F8A181AFE4A00A924D3 /* NSArray+MK_Tests.m in Sources */,
				90871C8118184B55009BE84C /* NSString+MK_Conversion_Tests.m in Sources */,
				903183C2181942AF0065016F /* NSDictionary+MK_Tests.m in Sources */,
				90AB7F68181834C40070D745 /* NSNumber+MK_Negative_Tests.m in Sources */,
				90382F86181AFC3600A924D3 /* NSMutableArray+MK_Tests.m in Sources */,
				903183C9181949E80065016F /* NSDate+MK_Formatting_Tests.m in Sources */,
				903183CB181949F40065016F /* NSDate+MK_Manipulation_Tests.m in Sources */,
				906E75D518183BD2008516E1 /* NSNumber+MK_Precision_Tests.m in Sources */,
				90B244F3181C77D6007EE48E /* NSString+MK_Base64_Tests.m in Sources */,
				90871C7F18184B45009BE84C /* NSString+MK_Empty_Tests.m in Sources */,
				90AB7F66181834C40070D745 /* NSNumber+MK_Manipulation_Tests.m in Sources */,
				90871C8518184B6E009BE84C /* NSString+MK_UTF_Tests.m in Sources */,
				90382F8C181AFF1600A924D3 /* NSString+MK_UUID_Tests.m in Sources */,
				90382F88181AFC4600A924D3 /* NSMutableDictionary+MK_Tests.m in Sources */,
			);
			runOnlyForDeploymentPostprocessing = 0;
		};
/* End PBXSourcesBuildPhase section */

/* Begin PBXTargetDependency section */
		90AB7F57181832C50070D745 /* PBXTargetDependency */ = {
			isa = PBXTargetDependency;
			target = 901F14711816C927002333D7 /* MKFoundation */;
			targetProxy = 90AB7F56181832C50070D745 /* PBXContainerItemProxy */;
		};
/* End PBXTargetDependency section */

/* Begin PBXVariantGroup section */
		901F147E1816C927002333D7 /* InfoPlist.strings */ = {
			isa = PBXVariantGroup;
			children = (
				901F147F1816C927002333D7 /* en */,
			);
			name = InfoPlist.strings;
			sourceTree = "<group>";
		};
		90AB7F50181832C50070D745 /* InfoPlist.strings */ = {
			isa = PBXVariantGroup;
			children = (
				90AB7F51181832C50070D745 /* en */,
			);
			name = InfoPlist.strings;
			sourceTree = "<group>";
		};
/* End PBXVariantGroup section */

/* Begin XCBuildConfiguration section */
		901F149C1816C927002333D7 /* Debug */ = {
			isa = XCBuildConfiguration;
			buildSettings = {
				ALWAYS_SEARCH_USER_PATHS = YES;
				ARCHS = "$(ARCHS_STANDARD_INCLUDING_64_BIT)";
				CLANG_CXX_LANGUAGE_STANDARD = "gnu++0x";
				CLANG_CXX_LIBRARY = "libc++";
				CLANG_ENABLE_MODULES = YES;
				CLANG_ENABLE_OBJC_ARC = YES;
				CLANG_WARN_BOOL_CONVERSION = YES;
				CLANG_WARN_CONSTANT_CONVERSION = YES;
				CLANG_WARN_DIRECT_OBJC_ISA_USAGE = YES_ERROR;
				CLANG_WARN_EMPTY_BODY = YES;
				CLANG_WARN_ENUM_CONVERSION = YES;
				CLANG_WARN_INT_CONVERSION = YES;
				CLANG_WARN_OBJC_ROOT_CLASS = YES_ERROR;
				CLANG_WARN__DUPLICATE_METHOD_MATCH = YES;
				"CODE_SIGN_IDENTITY[sdk=iphoneos*]" = "iPhone Developer";
				COPY_PHASE_STRIP = NO;
				GCC_C_LANGUAGE_STANDARD = gnu99;
				GCC_DYNAMIC_NO_PIC = NO;
				GCC_OPTIMIZATION_LEVEL = 0;
				GCC_PREPROCESSOR_DEFINITIONS = (
					"DEBUG=1",
					"$(inherited)",
				);
				GCC_SYMBOLS_PRIVATE_EXTERN = NO;
				GCC_WARN_64_TO_32_BIT_CONVERSION = YES;
				GCC_WARN_ABOUT_RETURN_TYPE = YES_ERROR;
				GCC_WARN_UNDECLARED_SELECTOR = YES;
				GCC_WARN_UNINITIALIZED_AUTOS = YES;
				GCC_WARN_UNUSED_FUNCTION = YES;
				GCC_WARN_UNUSED_VARIABLE = YES;
				IPHONEOS_DEPLOYMENT_TARGET = 7.0;
				ONLY_ACTIVE_ARCH = YES;
				SDKROOT = iphoneos;
				USER_HEADER_SEARCH_PATHS = "$(SRCROOT)/**";
			};
			name = Debug;
		};
		901F149D1816C927002333D7 /* Release */ = {
			isa = XCBuildConfiguration;
			buildSettings = {
				ALWAYS_SEARCH_USER_PATHS = YES;
				ARCHS = "$(ARCHS_STANDARD_INCLUDING_64_BIT)";
				CLANG_CXX_LANGUAGE_STANDARD = "gnu++0x";
				CLANG_CXX_LIBRARY = "libc++";
				CLANG_ENABLE_MODULES = YES;
				CLANG_ENABLE_OBJC_ARC = YES;
				CLANG_WARN_BOOL_CONVERSION = YES;
				CLANG_WARN_CONSTANT_CONVERSION = YES;
				CLANG_WARN_DIRECT_OBJC_ISA_USAGE = YES_ERROR;
				CLANG_WARN_EMPTY_BODY = YES;
				CLANG_WARN_ENUM_CONVERSION = YES;
				CLANG_WARN_INT_CONVERSION = YES;
				CLANG_WARN_OBJC_ROOT_CLASS = YES_ERROR;
				CLANG_WARN__DUPLICATE_METHOD_MATCH = YES;
				"CODE_SIGN_IDENTITY[sdk=iphoneos*]" = "iPhone Developer";
				COPY_PHASE_STRIP = YES;
				ENABLE_NS_ASSERTIONS = NO;
				GCC_C_LANGUAGE_STANDARD = gnu99;
				GCC_WARN_64_TO_32_BIT_CONVERSION = YES;
				GCC_WARN_ABOUT_RETURN_TYPE = YES_ERROR;
				GCC_WARN_UNDECLARED_SELECTOR = YES;
				GCC_WARN_UNINITIALIZED_AUTOS = YES;
				GCC_WARN_UNUSED_FUNCTION = YES;
				GCC_WARN_UNUSED_VARIABLE = YES;
				IPHONEOS_DEPLOYMENT_TARGET = 7.0;
				SDKROOT = iphoneos;
				USER_HEADER_SEARCH_PATHS = "$(SRCROOT)/**";
				VALIDATE_PRODUCT = YES;
			};
			name = Release;
		};
		901F149F1816C927002333D7 /* Debug */ = {
			isa = XCBuildConfiguration;
			baseConfigurationReference = 3C10F5060B174CB6B3F00B21 /* Pods.xcconfig */;
			buildSettings = {
				ASSETCATALOG_COMPILER_APPICON_NAME = AppIcon;
				ASSETCATALOG_COMPILER_LAUNCHIMAGE_NAME = LaunchImage;
				GCC_PRECOMPILE_PREFIX_HEADER = YES;
				GCC_PREFIX_HEADER = "MKFoundation/MKFoundation-Prefix.pch";
				INFOPLIST_FILE = "MKFoundation/MKFoundation-Info.plist";
				PRODUCT_NAME = "$(TARGET_NAME)";
				WRAPPER_EXTENSION = app;
			};
			name = Debug;
		};
		901F14A01816C927002333D7 /* Release */ = {
			isa = XCBuildConfiguration;
			baseConfigurationReference = 3C10F5060B174CB6B3F00B21 /* Pods.xcconfig */;
			buildSettings = {
				ASSETCATALOG_COMPILER_APPICON_NAME = AppIcon;
				ASSETCATALOG_COMPILER_LAUNCHIMAGE_NAME = LaunchImage;
				GCC_PRECOMPILE_PREFIX_HEADER = YES;
				GCC_PREFIX_HEADER = "MKFoundation/MKFoundation-Prefix.pch";
				INFOPLIST_FILE = "MKFoundation/MKFoundation-Info.plist";
				PRODUCT_NAME = "$(TARGET_NAME)";
				WRAPPER_EXTENSION = app;
			};
			name = Release;
		};
		90AB7F59181832C50070D745 /* Debug */ = {
			isa = XCBuildConfiguration;
			baseConfigurationReference = 7AA4AAE5C5ED4599AEDF856E /* Pods-MKFoundationTests.xcconfig */;
			buildSettings = {
				ALWAYS_SEARCH_USER_PATHS = NO;
				ARCHS = "$(ARCHS_STANDARD_INCLUDING_64_BIT)";
				BUNDLE_LOADER = "$(BUILT_PRODUCTS_DIR)/MKFoundation.app/MKFoundation";
				FRAMEWORK_SEARCH_PATHS = (
					"$(SDKROOT)/Developer/Library/Frameworks",
					"$(inherited)",
					"$(DEVELOPER_FRAMEWORKS_DIR)",
				);
				GCC_PRECOMPILE_PREFIX_HEADER = YES;
				GCC_PREFIX_HEADER = "MKFoundationTests/MKFoundationTests-Prefix.pch";
				GCC_PREPROCESSOR_DEFINITIONS = (
					"DEBUG=1",
					"$(inherited)",
				);
				INFOPLIST_FILE = "MKFoundationTests/MKFoundationTests-Info.plist";
				PRODUCT_NAME = "$(TARGET_NAME)";
				TEST_HOST = "$(BUNDLE_LOADER)";
				WRAPPER_EXTENSION = octest;
			};
			name = Debug;
		};
		90AB7F5A181832C50070D745 /* Release */ = {
			isa = XCBuildConfiguration;
			baseConfigurationReference = 7AA4AAE5C5ED4599AEDF856E /* Pods-MKFoundationTests.xcconfig */;
			buildSettings = {
				ALWAYS_SEARCH_USER_PATHS = NO;
				ARCHS = "$(ARCHS_STANDARD_INCLUDING_64_BIT)";
				BUNDLE_LOADER = "$(BUILT_PRODUCTS_DIR)/MKFoundation.app/MKFoundation";
				FRAMEWORK_SEARCH_PATHS = (
					"$(SDKROOT)/Developer/Library/Frameworks",
					"$(inherited)",
					"$(DEVELOPER_FRAMEWORKS_DIR)",
				);
				GCC_PRECOMPILE_PREFIX_HEADER = YES;
				GCC_PREFIX_HEADER = "MKFoundationTests/MKFoundationTests-Prefix.pch";
				INFOPLIST_FILE = "MKFoundationTests/MKFoundationTests-Info.plist";
				PRODUCT_NAME = "$(TARGET_NAME)";
				TEST_HOST = "$(BUNDLE_LOADER)";
				WRAPPER_EXTENSION = octest;
			};
			name = Release;
		};
/* End XCBuildConfiguration section */

/* Begin XCConfigurationList section */
		901F146D1816C927002333D7 /* Build configuration list for PBXProject "MKFoundation" */ = {
			isa = XCConfigurationList;
			buildConfigurations = (
				901F149C1816C927002333D7 /* Debug */,
				901F149D1816C927002333D7 /* Release */,
			);
			defaultConfigurationIsVisible = 0;
			defaultConfigurationName = Release;
		};
		901F149E1816C927002333D7 /* Build configuration list for PBXNativeTarget "MKFoundation" */ = {
			isa = XCConfigurationList;
			buildConfigurations = (
				901F149F1816C927002333D7 /* Debug */,
				901F14A01816C927002333D7 /* Release */,
			);
			defaultConfigurationIsVisible = 0;
			defaultConfigurationName = Release;
		};
		90AB7F58181832C50070D745 /* Build configuration list for PBXNativeTarget "MKFoundationTests" */ = {
			isa = XCConfigurationList;
			buildConfigurations = (
				90AB7F59181832C50070D745 /* Debug */,
				90AB7F5A181832C50070D745 /* Release */,
			);
			defaultConfigurationIsVisible = 0;
			defaultConfigurationName = Release;
		};
/* End XCConfigurationList section */
	};
	rootObject = 901F146A1816C927002333D7 /* Project object */;
}
